
Microsoft Visual Studio Solution File, Format Version 12.00
# Visual Studio Version 17
VisualStudioVersion = 17.7.34202.233
MinimumVisualStudioVersion = 10.0.40219.1
Project("{FAE04EC0-301F-11D3-BF4B-00C04F79EFBC}") = "pfcode-stations", "pfcode-stations.csproj", "{A2926708-AC4B-4E71-8A5C-86484C4900D3}"
EndProject
Global
	GlobalSection(SolutionConfigurationPlatforms) = preSolution
		Debug|Any CPU = Debug|Any CPU
		Release|Any CPU = Release|Any CPU
	EndGlobalSection
	GlobalSection(ProjectConfigurationPlatforms) = postSolution
		{A2926708-AC4B-4E71-8A5C-86484C4900D3}.Debug|Any CPU.ActiveCfg = Debug|Any CPU
		{A2926708-AC4B-4E71-8A5C-86484C4900D3}.Debug|Any CPU.Build.0 = Debug|Any CPU
		{A2926708-AC4B-4E71-8A5C-86484C4900D3}.Release|Any CPU.ActiveCfg = Release|Any CPU
		{A2926708-AC4B-4E71-8A5C-86484C4900D3}.Release|Any CPU.Build.0 = Release|Any CPU
	EndGlobalSection
	GlobalSection(SolutionProperties) = preSolution
		HideSolutionNode = FALSE
	EndGlobalSection
	GlobalSection(ExtensibilityGlobals) = postSolution
		SolutionGuid = {FED74651-CFB1-4EFC-ABB9-64E17CA955DA}
	EndGlobalSection
EndGlobal
